
Microsoft Visual Studio Solution File, Format Version 12.00
# Visual Studio 15
VisualStudioVersion = 15.0.26730.16
MinimumVisualStudioVersion = 10.0.40219.1
Project("{FAE04EC0-301F-11D3-BF4B-00C04F79EFBC}") = "labaratory5", "labaratory5\labaratory5.csproj", "{FA448FE1-F058-44C0-9BC9-29408C7F1A90}"
EndProject
Project("{FAE04EC0-301F-11D3-BF4B-00C04F79EFBC}") = "IOCContainer", "IOCContainer\IOCContainer.csproj", "{F1D67DB4-F2E0-46AA-AC82-1B85E9E1E56D}"
EndProject
Global
	GlobalSection(SolutionConfigurationPlatforms) = preSolution
		Debug|Any CPU = Debug|Any CPU
		Release|Any CPU = Release|Any CPU
	EndGlobalSection
	GlobalSection(ProjectConfigurationPlatforms) = postSolution
		{FA448FE1-F058-44C0-9BC9-29408C7F1A90}.Debug|Any CPU.ActiveCfg = Debug|Any CPU
		{FA448FE1-F058-44C0-9BC9-29408C7F1A90}.Debug|Any CPU.Build.0 = Debug|Any CPU
		{FA448FE1-F058-44C0-9BC9-29408C7F1A90}.Release|Any CPU.ActiveCfg = Release|Any CPU
		{FA448FE1-F058-44C0-9BC9-29408C7F1A90}.Release|Any CPU.Build.0 = Release|Any CPU
		{F1D67DB4-F2E0-46AA-AC82-1B85E9E1E56D}.Debug|Any CPU.ActiveCfg = Debug|Any CPU
		{F1D67DB4-F2E0-46AA-AC82-1B85E9E1E56D}.Debug|Any CPU.Build.0 = Debug|Any CPU
		{F1D67DB4-F2E0-46AA-AC82-1B85E9E1E56D}.Release|Any CPU.ActiveCfg = Release|Any CPU
		{F1D67DB4-F2E0-46AA-AC82-1B85E9E1E56D}.Release|Any CPU.Build.0 = Release|Any CPU
	EndGlobalSection
	GlobalSection(SolutionProperties) = preSolution
		HideSolutionNode = FALSE
	EndGlobalSection
	GlobalSection(ExtensibilityGlobals) = postSolution
		SolutionGuid = {4C194E3B-FAA5-42E4-AAF5-A30934BC34E4}
	EndGlobalSection
EndGlobal
